
Microsoft Visual Studio Solution File, Format Version 12.00
# Visual Studio Version 16
VisualStudioVersion = 16.0.29613.14
MinimumVisualStudioVersion = 10.0.40219.1
Project("{FAE04EC0-301F-11D3-BF4B-00C04F79EFBC}") = "egyszamjatek", "egyszamjatek.csproj", "{B3302664-8F57-4984-8432-235B239FEF21}"
EndProject
Global
	GlobalSection(SolutionConfigurationPlatforms) = preSolution
		Debug|Any CPU = Debug|Any CPU
		Release|Any CPU = Release|Any CPU
	EndGlobalSection
	GlobalSection(ProjectConfigurationPlatforms) = postSolution
		{B3302664-8F57-4984-8432-235B239FEF21}.Debug|Any CPU.ActiveCfg = Debug|Any CPU
		{B3302664-8F57-4984-8432-235B239FEF21}.Debug|Any CPU.Build.0 = Debug|Any CPU
		{B3302664-8F57-4984-8432-235B239FEF21}.Release|Any CPU.ActiveCfg = Release|Any CPU
		{B3302664-8F57-4984-8432-235B239FEF21}.Release|Any CPU.Build.0 = Release|Any CPU
	EndGlobalSection
	GlobalSection(SolutionProperties) = preSolution
		HideSolutionNode = FALSE
	EndGlobalSection
	GlobalSection(ExtensibilityGlobals) = postSolution
		SolutionGuid = {56686731-13E8-4A02-99C4-990BDF5B571E}
	EndGlobalSection
EndGlobal
