
Microsoft Visual Studio Solution File, Format Version 12.00
# Visual Studio Version 16
VisualStudioVersion = 16.0.29613.14
MinimumVisualStudioVersion = 10.0.40219.1
Project("{FAE04EC0-301F-11D3-BF4B-00C04F79EFBC}") = "random", "random.csproj", "{77250FD1-8709-43E6-AD3B-7E6FB1528B37}"
EndProject
Global
	GlobalSection(SolutionConfigurationPlatforms) = preSolution
		Debug|Any CPU = Debug|Any CPU
		Release|Any CPU = Release|Any CPU
	EndGlobalSection
	GlobalSection(ProjectConfigurationPlatforms) = postSolution
		{77250FD1-8709-43E6-AD3B-7E6FB1528B37}.Debug|Any CPU.ActiveCfg = Debug|Any CPU
		{77250FD1-8709-43E6-AD3B-7E6FB1528B37}.Debug|Any CPU.Build.0 = Debug|Any CPU
		{77250FD1-8709-43E6-AD3B-7E6FB1528B37}.Release|Any CPU.ActiveCfg = Release|Any CPU
		{77250FD1-8709-43E6-AD3B-7E6FB1528B37}.Release|Any CPU.Build.0 = Release|Any CPU
	EndGlobalSection
	GlobalSection(SolutionProperties) = preSolution
		HideSolutionNode = FALSE
	EndGlobalSection
	GlobalSection(ExtensibilityGlobals) = postSolution
		SolutionGuid = {383D6195-9795-4A98-94D9-F989B2F2DE7C}
	EndGlobalSection
EndGlobal
