
Microsoft Visual Studio Solution File, Format Version 12.00
# Visual Studio Version 16
VisualStudioVersion = 16.0.29613.14
MinimumVisualStudioVersion = 10.0.40219.1
Project("{FAE04EC0-301F-11D3-BF4B-00C04F79EFBC}") = "dolgozat_2025_03_11", "dolgozat_2025_03_11.csproj", "{E952F22C-B38C-46C4-9451-A3AC13C457B7}"
EndProject
Global
	GlobalSection(SolutionConfigurationPlatforms) = preSolution
		Debug|Any CPU = Debug|Any CPU
		Release|Any CPU = Release|Any CPU
	EndGlobalSection
	GlobalSection(ProjectConfigurationPlatforms) = postSolution
		{E952F22C-B38C-46C4-9451-A3AC13C457B7}.Debug|Any CPU.ActiveCfg = Debug|Any CPU
		{E952F22C-B38C-46C4-9451-A3AC13C457B7}.Debug|Any CPU.Build.0 = Debug|Any CPU
		{E952F22C-B38C-46C4-9451-A3AC13C457B7}.Release|Any CPU.ActiveCfg = Release|Any CPU
		{E952F22C-B38C-46C4-9451-A3AC13C457B7}.Release|Any CPU.Build.0 = Release|Any CPU
	EndGlobalSection
	GlobalSection(SolutionProperties) = preSolution
		HideSolutionNode = FALSE
	EndGlobalSection
	GlobalSection(ExtensibilityGlobals) = postSolution
		SolutionGuid = {8222C49D-B5D0-4D16-AE49-295C1D8F928D}
	EndGlobalSection
EndGlobal
