
Microsoft Visual Studio Solution File, Format Version 12.00
# Visual Studio Version 16
VisualStudioVersion = 16.0.29613.14
MinimumVisualStudioVersion = 10.0.40219.1
Project("{FAE04EC0-301F-11D3-BF4B-00C04F79EFBC}") = "2024_10_15", "2024_10_15.csproj", "{E547CDFB-AA03-4B8F-BF59-030BCF8E0803}"
EndProject
Global
	GlobalSection(SolutionConfigurationPlatforms) = preSolution
		Debug|Any CPU = Debug|Any CPU
		Release|Any CPU = Release|Any CPU
	EndGlobalSection
	GlobalSection(ProjectConfigurationPlatforms) = postSolution
		{E547CDFB-AA03-4B8F-BF59-030BCF8E0803}.Debug|Any CPU.ActiveCfg = Debug|Any CPU
		{E547CDFB-AA03-4B8F-BF59-030BCF8E0803}.Debug|Any CPU.Build.0 = Debug|Any CPU
		{E547CDFB-AA03-4B8F-BF59-030BCF8E0803}.Release|Any CPU.ActiveCfg = Release|Any CPU
		{E547CDFB-AA03-4B8F-BF59-030BCF8E0803}.Release|Any CPU.Build.0 = Release|Any CPU
	EndGlobalSection
	GlobalSection(SolutionProperties) = preSolution
		HideSolutionNode = FALSE
	EndGlobalSection
	GlobalSection(ExtensibilityGlobals) = postSolution
		SolutionGuid = {8A74C29A-1A41-4F6A-AA8D-DD43FB82B0DD}
	EndGlobalSection
EndGlobal
