
Microsoft Visual Studio Solution File, Format Version 12.00
# Visual Studio Version 17
VisualStudioVersion = 17.14.36429.23 d17.14
MinimumVisualStudioVersion = 10.0.40219.1
Project("{FAE04EC0-301F-11D3-BF4B-00C04F79EFBC}") = "emelt_szint_erettsegi_1", "emelt_szint_erettsegi_1.csproj", "{FA078D9E-60F4-4214-9F34-383FB4BB6E08}"
EndProject
Global
	GlobalSection(SolutionConfigurationPlatforms) = preSolution
		Debug|Any CPU = Debug|Any CPU
		Release|Any CPU = Release|Any CPU
	EndGlobalSection
	GlobalSection(ProjectConfigurationPlatforms) = postSolution
		{FA078D9E-60F4-4214-9F34-383FB4BB6E08}.Debug|Any CPU.ActiveCfg = Debug|Any CPU
		{FA078D9E-60F4-4214-9F34-383FB4BB6E08}.Debug|Any CPU.Build.0 = Debug|Any CPU
		{FA078D9E-60F4-4214-9F34-383FB4BB6E08}.Release|Any CPU.ActiveCfg = Release|Any CPU
		{FA078D9E-60F4-4214-9F34-383FB4BB6E08}.Release|Any CPU.Build.0 = Release|Any CPU
	EndGlobalSection
	GlobalSection(SolutionProperties) = preSolution
		HideSolutionNode = FALSE
	EndGlobalSection
	GlobalSection(ExtensibilityGlobals) = postSolution
		SolutionGuid = {C50BFA0F-9227-4F8F-B624-ACEF278F2924}
	EndGlobalSection
EndGlobal
