
Microsoft Visual Studio Solution File, Format Version 12.00
# Visual Studio Version 16
VisualStudioVersion = 16.0.29613.14
MinimumVisualStudioVersion = 10.0.40219.1
Project("{FAE04EC0-301F-11D3-BF4B-00C04F79EFBC}") = "dolgozat_2024_12_03", "dolgozat_2024_12_03.csproj", "{238E1A2E-EB94-40EE-835D-9C48CA804907}"
EndProject
Global
	GlobalSection(SolutionConfigurationPlatforms) = preSolution
		Debug|Any CPU = Debug|Any CPU
		Release|Any CPU = Release|Any CPU
	EndGlobalSection
	GlobalSection(ProjectConfigurationPlatforms) = postSolution
		{238E1A2E-EB94-40EE-835D-9C48CA804907}.Debug|Any CPU.ActiveCfg = Debug|Any CPU
		{238E1A2E-EB94-40EE-835D-9C48CA804907}.Debug|Any CPU.Build.0 = Debug|Any CPU
		{238E1A2E-EB94-40EE-835D-9C48CA804907}.Release|Any CPU.ActiveCfg = Release|Any CPU
		{238E1A2E-EB94-40EE-835D-9C48CA804907}.Release|Any CPU.Build.0 = Release|Any CPU
	EndGlobalSection
	GlobalSection(SolutionProperties) = preSolution
		HideSolutionNode = FALSE
	EndGlobalSection
	GlobalSection(ExtensibilityGlobals) = postSolution
		SolutionGuid = {DE672761-EE71-4F84-AC51-31C4ED429233}
	EndGlobalSection
EndGlobal
