
Microsoft Visual Studio Solution File, Format Version 12.00
# Visual Studio Version 16
VisualStudioVersion = 16.0.29613.14
MinimumVisualStudioVersion = 10.0.40219.1
Project("{FAE04EC0-301F-11D3-BF4B-00C04F79EFBC}") = "dolgozat_2025_04_08", "dolgozat_2025_04_08.csproj", "{6A03F3B8-1592-4118-89BD-A19C87685B3E}"
EndProject
Global
	GlobalSection(SolutionConfigurationPlatforms) = preSolution
		Debug|Any CPU = Debug|Any CPU
		Release|Any CPU = Release|Any CPU
	EndGlobalSection
	GlobalSection(ProjectConfigurationPlatforms) = postSolution
		{6A03F3B8-1592-4118-89BD-A19C87685B3E}.Debug|Any CPU.ActiveCfg = Debug|Any CPU
		{6A03F3B8-1592-4118-89BD-A19C87685B3E}.Debug|Any CPU.Build.0 = Debug|Any CPU
		{6A03F3B8-1592-4118-89BD-A19C87685B3E}.Release|Any CPU.ActiveCfg = Release|Any CPU
		{6A03F3B8-1592-4118-89BD-A19C87685B3E}.Release|Any CPU.Build.0 = Release|Any CPU
	EndGlobalSection
	GlobalSection(SolutionProperties) = preSolution
		HideSolutionNode = FALSE
	EndGlobalSection
	GlobalSection(ExtensibilityGlobals) = postSolution
		SolutionGuid = {C769D461-41EB-4884-8474-09B097AFE95D}
	EndGlobalSection
EndGlobal
