
Microsoft Visual Studio Solution File, Format Version 12.00
# Visual Studio Version 16
VisualStudioVersion = 16.0.29613.14
MinimumVisualStudioVersion = 10.0.40219.1
Project("{FAE04EC0-301F-11D3-BF4B-00C04F79EFBC}") = "fel3", "fel3.csproj", "{C30AE561-E5B1-43A3-AFB9-46DB2F497DC3}"
EndProject
Global
	GlobalSection(SolutionConfigurationPlatforms) = preSolution
		Debug|Any CPU = Debug|Any CPU
		Release|Any CPU = Release|Any CPU
	EndGlobalSection
	GlobalSection(ProjectConfigurationPlatforms) = postSolution
		{C30AE561-E5B1-43A3-AFB9-46DB2F497DC3}.Debug|Any CPU.ActiveCfg = Debug|Any CPU
		{C30AE561-E5B1-43A3-AFB9-46DB2F497DC3}.Debug|Any CPU.Build.0 = Debug|Any CPU
		{C30AE561-E5B1-43A3-AFB9-46DB2F497DC3}.Release|Any CPU.ActiveCfg = Release|Any CPU
		{C30AE561-E5B1-43A3-AFB9-46DB2F497DC3}.Release|Any CPU.Build.0 = Release|Any CPU
	EndGlobalSection
	GlobalSection(SolutionProperties) = preSolution
		HideSolutionNode = FALSE
	EndGlobalSection
	GlobalSection(ExtensibilityGlobals) = postSolution
		SolutionGuid = {F30E11E9-3CF2-471A-85B6-D7FD33939E58}
	EndGlobalSection
EndGlobal
