
Microsoft Visual Studio Solution File, Format Version 12.00
# Visual Studio Version 16
VisualStudioVersion = 16.0.29613.14
MinimumVisualStudioVersion = 10.0.40219.1
Project("{FAE04EC0-301F-11D3-BF4B-00C04F79EFBC}") = "2025_04_04", "2025_04_04.csproj", "{4C536881-7AC4-4ABB-B004-475437BFA2DA}"
EndProject
Global
	GlobalSection(SolutionConfigurationPlatforms) = preSolution
		Debug|Any CPU = Debug|Any CPU
		Release|Any CPU = Release|Any CPU
	EndGlobalSection
	GlobalSection(ProjectConfigurationPlatforms) = postSolution
		{4C536881-7AC4-4ABB-B004-475437BFA2DA}.Debug|Any CPU.ActiveCfg = Debug|Any CPU
		{4C536881-7AC4-4ABB-B004-475437BFA2DA}.Debug|Any CPU.Build.0 = Debug|Any CPU
		{4C536881-7AC4-4ABB-B004-475437BFA2DA}.Release|Any CPU.ActiveCfg = Release|Any CPU
		{4C536881-7AC4-4ABB-B004-475437BFA2DA}.Release|Any CPU.Build.0 = Release|Any CPU
	EndGlobalSection
	GlobalSection(SolutionProperties) = preSolution
		HideSolutionNode = FALSE
	EndGlobalSection
	GlobalSection(ExtensibilityGlobals) = postSolution
		SolutionGuid = {34B0239D-2903-45BC-BCE3-BC57E1D3DA35}
	EndGlobalSection
EndGlobal
