
Microsoft Visual Studio Solution File, Format Version 12.00
# Visual Studio Version 17
VisualStudioVersion = 17.11.35312.102
MinimumVisualStudioVersion = 10.0.40219.1
Project("{FAE04EC0-301F-11D3-BF4B-00C04F79EFBC}") = "20250902", "20250902.csproj", "{20CEFAE7-AF45-4032-AD5B-C6DAEF36C5A6}"
EndProject
Global
	GlobalSection(SolutionConfigurationPlatforms) = preSolution
		Debug|Any CPU = Debug|Any CPU
		Release|Any CPU = Release|Any CPU
	EndGlobalSection
	GlobalSection(ProjectConfigurationPlatforms) = postSolution
		{20CEFAE7-AF45-4032-AD5B-C6DAEF36C5A6}.Debug|Any CPU.ActiveCfg = Debug|Any CPU
		{20CEFAE7-AF45-4032-AD5B-C6DAEF36C5A6}.Debug|Any CPU.Build.0 = Debug|Any CPU
		{20CEFAE7-AF45-4032-AD5B-C6DAEF36C5A6}.Release|Any CPU.ActiveCfg = Release|Any CPU
		{20CEFAE7-AF45-4032-AD5B-C6DAEF36C5A6}.Release|Any CPU.Build.0 = Release|Any CPU
	EndGlobalSection
	GlobalSection(SolutionProperties) = preSolution
		HideSolutionNode = FALSE
	EndGlobalSection
	GlobalSection(ExtensibilityGlobals) = postSolution
		SolutionGuid = {6F066680-B43A-4A54-B960-B5B62B4BD92F}
	EndGlobalSection
EndGlobal
