
Microsoft Visual Studio Solution File, Format Version 12.00
# Visual Studio Version 16
VisualStudioVersion = 16.0.29613.14
MinimumVisualStudioVersion = 10.0.40219.1
Project("{FAE04EC0-301F-11D3-BF4B-00C04F79EFBC}") = "Proba", "Proba.csproj", "{6C3B3196-21EC-43C0-BB38-69301DE74BBE}"
EndProject
Global
	GlobalSection(SolutionConfigurationPlatforms) = preSolution
		Debug|Any CPU = Debug|Any CPU
		Release|Any CPU = Release|Any CPU
	EndGlobalSection
	GlobalSection(ProjectConfigurationPlatforms) = postSolution
		{6C3B3196-21EC-43C0-BB38-69301DE74BBE}.Debug|Any CPU.ActiveCfg = Debug|Any CPU
		{6C3B3196-21EC-43C0-BB38-69301DE74BBE}.Debug|Any CPU.Build.0 = Debug|Any CPU
		{6C3B3196-21EC-43C0-BB38-69301DE74BBE}.Release|Any CPU.ActiveCfg = Release|Any CPU
		{6C3B3196-21EC-43C0-BB38-69301DE74BBE}.Release|Any CPU.Build.0 = Release|Any CPU
	EndGlobalSection
	GlobalSection(SolutionProperties) = preSolution
		HideSolutionNode = FALSE
	EndGlobalSection
	GlobalSection(ExtensibilityGlobals) = postSolution
		SolutionGuid = {8ECC69A0-0B06-4423-8F50-A868A0AFB0F2}
	EndGlobalSection
EndGlobal
