
Microsoft Visual Studio Solution File, Format Version 12.00
# Visual Studio Version 16
VisualStudioVersion = 16.0.29613.14
MinimumVisualStudioVersion = 10.0.40219.1
Project("{FAE04EC0-301F-11D3-BF4B-00C04F79EFBC}") = "2024_10_10", "2024_10_10.csproj", "{350DF703-9513-4EC0-9C52-C20C9D4E314A}"
EndProject
Global
	GlobalSection(SolutionConfigurationPlatforms) = preSolution
		Debug|Any CPU = Debug|Any CPU
		Release|Any CPU = Release|Any CPU
	EndGlobalSection
	GlobalSection(ProjectConfigurationPlatforms) = postSolution
		{350DF703-9513-4EC0-9C52-C20C9D4E314A}.Debug|Any CPU.ActiveCfg = Debug|Any CPU
		{350DF703-9513-4EC0-9C52-C20C9D4E314A}.Debug|Any CPU.Build.0 = Debug|Any CPU
		{350DF703-9513-4EC0-9C52-C20C9D4E314A}.Release|Any CPU.ActiveCfg = Release|Any CPU
		{350DF703-9513-4EC0-9C52-C20C9D4E314A}.Release|Any CPU.Build.0 = Release|Any CPU
	EndGlobalSection
	GlobalSection(SolutionProperties) = preSolution
		HideSolutionNode = FALSE
	EndGlobalSection
	GlobalSection(ExtensibilityGlobals) = postSolution
		SolutionGuid = {FE8D9D02-4785-4F67-9148-8C956B2D5A74}
	EndGlobalSection
EndGlobal
